
Microsoft Visual Studio Solution File, Format Version 10.00
# Visual C++ Express 2008
Project("{8BC9CEB8-8B4A-11D0-8D11-00A0C91BC942}") = "openxdr", "openxdr.vcproj", "{853683A7-4DE1-4568-AA27-39EAB478FE47}"
EndProject
Project("{8BC9CEB8-8B4A-11D0-8D11-00A0C91BC942}") = "test", "test.vcproj", "{B6254A63-D8CB-466A-AF9F-E6BD227F2D27}"
	ProjectSection(ProjectDependencies) = postProject
		{853683A7-4DE1-4568-AA27-39EAB478FE47} = {853683A7-4DE1-4568-AA27-39EAB478FE47}
	EndProjectSection
EndProject
Global
	GlobalSection(SolutionConfigurationPlatforms) = preSolution
		Debug|Win32 = Debug|Win32
		Release|Win32 = Release|Win32
	EndGlobalSection
	GlobalSection(ProjectConfigurationPlatforms) = postSolution
		{853683A7-4DE1-4568-AA27-39EAB478FE47}.Debug|Win32.ActiveCfg = Debug|Win32
		{853683A7-4DE1-4568-AA27-39EAB478FE47}.Debug|Win32.Build.0 = Debug|Win32
		{853683A7-4DE1-4568-AA27-39EAB478FE47}.Release|Win32.ActiveCfg = Release|Win32
		{853683A7-4DE1-4568-AA27-39EAB478FE47}.Release|Win32.Build.0 = Release|Win32
		{B6254A63-D8CB-466A-AF9F-E6BD227F2D27}.Debug|Win32.ActiveCfg = Debug|Win32
		{B6254A63-D8CB-466A-AF9F-E6BD227F2D27}.Debug|Win32.Build.0 = Debug|Win32
		{B6254A63-D8CB-466A-AF9F-E6BD227F2D27}.Release|Win32.ActiveCfg = Release|Win32
		{B6254A63-D8CB-466A-AF9F-E6BD227F2D27}.Release|Win32.Build.0 = Release|Win32
	EndGlobalSection
	GlobalSection(SolutionProperties) = preSolution
		HideSolutionNode = FALSE
	EndGlobalSection
EndGlobal
